{
  "requires": true,
  "lockfileVersion": 1,
  "dependencies": {
    "@types/lodash": {
      "version": "4.14.136",
      "resolved": "https://registry.npmjs.org/@types/lodash/-/lodash-4.14.136.tgz",
      "integrity": "sha512-0GJhzBdvsW2RUccNHOBkabI8HZVdOXmXbXhuKlDEd5Vv12P7oAVGfomGp3Ne21o5D/qu1WmthlNKFaoZJJeErA=="
    },
    "@types/vue-color": {
      "version": "2.4.2",
      "resolved": "https://registry.npmjs.org/@types/vue-color/-/vue-color-2.4.2.tgz",
      "integrity": "sha512-AwzdmfNI6axlVBVxeVr3Nw3BBLbz+oz3YkYfqNwY5EmhuMAb3VVsXSCb5ETlHVBKk7/m5qfq1Rq7S66Z2j3rrw==",
      "requires": {
        "vue": ">=2.0.0"
      }
    },
    "vue": {
      "version": "2.6.10",
      "resolved": "https://registry.npmjs.org/vue/-/vue-2.6.10.tgz",
      "integrity": "sha512-ImThpeNU9HbdZL3utgMCq0oiMzAkt1mcgy3/E6zWC/G6AaQoeuFdsl9nDhTDU3X1R6FK7nsIUuRACVcjI+A2GQ=="
    }
  }
}
