
Microsoft Visual Studio Solution File, Format Version 12.00
# Visual Studio Version 16
VisualStudioVersion = 16.0.29102.190
MinimumVisualStudioVersion = 10.0.40219.1
Project("{9A19103F-16F7-4668-BE54-9A1E7A4F7556}") = "PurpleBalls", ".\PurpleBalls\PurpleBalls.csproj", "{D1A4B196-FA92-4822-8C25-07D53A2903EF}"
EndProject
Project("{FAE04EC0-301F-11D3-BF4B-00C04F79EFBC}") = "PurpleBalls.Services", ".\PurpleBalls.Services\PurpleBalls.Services.csproj", "{50E872C5-8C33-4322-AFDC-7CD95FF30045}"
EndProject
Project("{FAE04EC0-301F-11D3-BF4B-00C04F79EFBC}") = "PurpleBalls.Data", ".\PurpleBalls.Data\PurpleBalls.Data.csproj", "{82391E85-A68C-486C-B7E7-C9CA54E8C325}"
EndProject
Global
	GlobalSection(SolutionConfigurationPlatforms) = preSolution
		Debug|Any CPU = Debug|Any CPU
		Release|Any CPU = Release|Any CPU
	EndGlobalSection
	GlobalSection(ProjectConfigurationPlatforms) = postSolution
		{D1A4B196-FA92-4822-8C25-07D53A2903EF}.Debug|Any CPU.ActiveCfg = Debug|Any CPU
		{D1A4B196-FA92-4822-8C25-07D53A2903EF}.Debug|Any CPU.Build.0 = Debug|Any CPU
		{D1A4B196-FA92-4822-8C25-07D53A2903EF}.Release|Any CPU.ActiveCfg = Release|Any CPU
		{D1A4B196-FA92-4822-8C25-07D53A2903EF}.Release|Any CPU.Build.0 = Release|Any CPU
		{50E872C5-8C33-4322-AFDC-7CD95FF30045}.Debug|Any CPU.ActiveCfg = Debug|Any CPU
		{50E872C5-8C33-4322-AFDC-7CD95FF30045}.Debug|Any CPU.Build.0 = Debug|Any CPU
		{50E872C5-8C33-4322-AFDC-7CD95FF30045}.Release|Any CPU.ActiveCfg = Release|Any CPU
		{50E872C5-8C33-4322-AFDC-7CD95FF30045}.Release|Any CPU.Build.0 = Release|Any CPU
		{82391E85-A68C-486C-B7E7-C9CA54E8C325}.Debug|Any CPU.ActiveCfg = Debug|Any CPU
		{82391E85-A68C-486C-B7E7-C9CA54E8C325}.Debug|Any CPU.Build.0 = Debug|Any CPU
		{82391E85-A68C-486C-B7E7-C9CA54E8C325}.Release|Any CPU.ActiveCfg = Release|Any CPU
		{82391E85-A68C-486C-B7E7-C9CA54E8C325}.Release|Any CPU.Build.0 = Release|Any CPU
	EndGlobalSection
	GlobalSection(SolutionProperties) = preSolution
		HideSolutionNode = FALSE
	EndGlobalSection
	GlobalSection(ExtensibilityGlobals) = postSolution
		SolutionGuid = {FEBD4BD6-299C-48F2-8D24-13F9B53219E2}
	EndGlobalSection
EndGlobal
